
Microsoft Visual Studio Solution File, Format Version 12.00
# Visual Studio Version 17
VisualStudioVersion = 17.3.32929.385
MinimumVisualStudioVersion = 10.0.40219.1
Project("{FAE04EC0-301F-11D3-BF4B-00C04F79EFBC}") = "mayin tarlasi oyunu", "mayin tarlasi oyunu\mayin tarlasi oyunu.csproj", "{EBBB0D5B-0AAA-4EF3-85F1-9C7A38BA2B24}"
EndProject
Global
	GlobalSection(SolutionConfigurationPlatforms) = preSolution
		Debug|Any CPU = Debug|Any CPU
		Release|Any CPU = Release|Any CPU
	EndGlobalSection
	GlobalSection(ProjectConfigurationPlatforms) = postSolution
		{EBBB0D5B-0AAA-4EF3-85F1-9C7A38BA2B24}.Debug|Any CPU.ActiveCfg = Debug|Any CPU
		{EBBB0D5B-0AAA-4EF3-85F1-9C7A38BA2B24}.Debug|Any CPU.Build.0 = Debug|Any CPU
		{EBBB0D5B-0AAA-4EF3-85F1-9C7A38BA2B24}.Release|Any CPU.ActiveCfg = Release|Any CPU
		{EBBB0D5B-0AAA-4EF3-85F1-9C7A38BA2B24}.Release|Any CPU.Build.0 = Release|Any CPU
	EndGlobalSection
	GlobalSection(SolutionProperties) = preSolution
		HideSolutionNode = FALSE
	EndGlobalSection
	GlobalSection(ExtensibilityGlobals) = postSolution
		SolutionGuid = {147FC688-6312-486B-87E0-AD1648079E21}
	EndGlobalSection
EndGlobal
